# This is a Gradle generated file for dependency locking.
# Manual edits can break the build and are not advised.
# This file is expected to be part of source control.
org.apache.commons:commons-lang3:3.15.0=runtimeClasspath,testRuntimeClasspath
org.slf4j:slf4j-api:2.1.0-alpha1=runtimeClasspath,testRuntimeClasspath
org.slf4j:slf4j-simple:2.1.0-alpha1=runtimeClasspath,testRuntimeClasspath
empty=compileClasspath,testCompileClasspath
